
Microsoft Visual Studio Solution File, Format Version 12.00
# Visual Studio Version 16
VisualStudioVersion = 16.0.30503.244
MinimumVisualStudioVersion = 10.0.40219.1
Project("{2150E333-8FDC-42A3-9474-1A3956D46DE8}") = "src", "src", "{DFF4F859-4D82-4137-B6F7-3244DABD3420}"
EndProject
Project("{2150E333-8FDC-42A3-9474-1A3956D46DE8}") = "Building Blocks", "Building Blocks", "{41489E70-C58D-4DC8-91DF-7BC7DBDA0837}"
EndProject
Project("{2150E333-8FDC-42A3-9474-1A3956D46DE8}") = "Services", "Services", "{30743404-04FD-45B9-9780-8911D57A1FA0}"
EndProject
Project("{2150E333-8FDC-42A3-9474-1A3956D46DE8}") = "Web", "Web", "{2E495F80-2DC3-4060-8322-17AD0D16A5DF}"
EndProject
Project("{2150E333-8FDC-42A3-9474-1A3956D46DE8}") = "Identidade", "Identidade", "{598687E6-1326-4456-9BBF-2B7D9B16037C}"
EndProject
Project("{FAE04EC0-301F-11D3-BF4B-00C04F79EFBC}") = "NSE.Identidade.API", "src\services\NSE.Identidade.API\NSE.Identidade.API.csproj", "{6B696CB7-67E3-4B1C-A573-1C5EFDE62498}"
EndProject
Project("{2150E333-8FDC-42A3-9474-1A3956D46DE8}") = "MVC", "MVC", "{69AA0C6E-933A-49BD-9ACF-7936B5723EFE}"
EndProject
Project("{FAE04EC0-301F-11D3-BF4B-00C04F79EFBC}") = "NSE.WebApp.MVC", "src\web\NSE.WebApp.MVC\NSE.WebApp.MVC.csproj", "{FC88CE3C-56DF-470E-9636-8F25C5CF588A}"
EndProject
Project("{2150E333-8FDC-42A3-9474-1A3956D46DE8}") = "Core", "Core", "{F4EF8632-211C-4BAD-9320-BA5415768EDC}"
EndProject
Project("{FAE04EC0-301F-11D3-BF4B-00C04F79EFBC}") = "NSE.Core", "src\building blocks\NSE.Core\NSE.Core.csproj", "{C73D58BE-5340-4B28-BF89-CA59B7F3B028}"
EndProject
Project("{2150E333-8FDC-42A3-9474-1A3956D46DE8}") = "Carrinho", "Carrinho", "{9B5BEE6F-A357-4413-A40C-00BAA783260B}"
EndProject
Project("{FAE04EC0-301F-11D3-BF4B-00C04F79EFBC}") = "NSE.Carrinho.API", "src\services\NSE.Carrinho.API\NSE.Carrinho.API.csproj", "{05850223-AF77-4EC4-8E34-91A251D15439}"
EndProject
Project("{2150E333-8FDC-42A3-9474-1A3956D46DE8}") = "Catalogo", "Catalogo", "{BF1FBB4F-2B72-4596-B68F-DD6FFDB1599E}"
EndProject
Project("{FAE04EC0-301F-11D3-BF4B-00C04F79EFBC}") = "NSE.Catalogo.API", "src\services\NSE.Catalogo.API\NSE.Catalogo.API.csproj", "{C743B548-7972-442C-A93D-D8C4EF09014B}"
EndProject
Project("{2150E333-8FDC-42A3-9474-1A3956D46DE8}") = "Cliente", "Cliente", "{11859442-9326-4C86-BA63-3969B0405371}"
EndProject
Project("{FAE04EC0-301F-11D3-BF4B-00C04F79EFBC}") = "NSE.Cliente.API", "src\services\NSE.Cliente.API\NSE.Cliente.API.csproj", "{14D93E23-7F70-42E3-9299-ACE96F2F12CC}"
EndProject
Project("{2150E333-8FDC-42A3-9474-1A3956D46DE8}") = "Pagamento", "Pagamento", "{8268F832-38AA-4724-8A0F-E9AF347AD32E}"
EndProject
Project("{FAE04EC0-301F-11D3-BF4B-00C04F79EFBC}") = "NSE.Pagamento.API", "src\services\NSE.Pagamento.API\NSE.Pagamento.API.csproj", "{67677828-80E2-45A3-AB61-A13017AB3F2F}"
EndProject
Project("{2150E333-8FDC-42A3-9474-1A3956D46DE8}") = "Pedido", "Pedido", "{CCB50A41-A7A9-425C-9D95-F118EF15F44E}"
EndProject
Project("{FAE04EC0-301F-11D3-BF4B-00C04F79EFBC}") = "NSE.Pedido.API", "src\services\NSE.Pedido.API\NSE.Pedido.API.csproj", "{43356A8E-9941-4856-82BE-BB45AE81E0D5}"
EndProject
Global
	GlobalSection(SolutionConfigurationPlatforms) = preSolution
		Debug|Any CPU = Debug|Any CPU
		Release|Any CPU = Release|Any CPU
	EndGlobalSection
	GlobalSection(ProjectConfigurationPlatforms) = postSolution
		{6B696CB7-67E3-4B1C-A573-1C5EFDE62498}.Debug|Any CPU.ActiveCfg = Debug|Any CPU
		{6B696CB7-67E3-4B1C-A573-1C5EFDE62498}.Debug|Any CPU.Build.0 = Debug|Any CPU
		{6B696CB7-67E3-4B1C-A573-1C5EFDE62498}.Release|Any CPU.ActiveCfg = Release|Any CPU
		{6B696CB7-67E3-4B1C-A573-1C5EFDE62498}.Release|Any CPU.Build.0 = Release|Any CPU
		{FC88CE3C-56DF-470E-9636-8F25C5CF588A}.Debug|Any CPU.ActiveCfg = Debug|Any CPU
		{FC88CE3C-56DF-470E-9636-8F25C5CF588A}.Debug|Any CPU.Build.0 = Debug|Any CPU
		{FC88CE3C-56DF-470E-9636-8F25C5CF588A}.Release|Any CPU.ActiveCfg = Release|Any CPU
		{FC88CE3C-56DF-470E-9636-8F25C5CF588A}.Release|Any CPU.Build.0 = Release|Any CPU
		{C73D58BE-5340-4B28-BF89-CA59B7F3B028}.Debug|Any CPU.ActiveCfg = Debug|Any CPU
		{C73D58BE-5340-4B28-BF89-CA59B7F3B028}.Debug|Any CPU.Build.0 = Debug|Any CPU
		{C73D58BE-5340-4B28-BF89-CA59B7F3B028}.Release|Any CPU.ActiveCfg = Release|Any CPU
		{C73D58BE-5340-4B28-BF89-CA59B7F3B028}.Release|Any CPU.Build.0 = Release|Any CPU
		{05850223-AF77-4EC4-8E34-91A251D15439}.Debug|Any CPU.ActiveCfg = Debug|Any CPU
		{05850223-AF77-4EC4-8E34-91A251D15439}.Debug|Any CPU.Build.0 = Debug|Any CPU
		{05850223-AF77-4EC4-8E34-91A251D15439}.Release|Any CPU.ActiveCfg = Release|Any CPU
		{05850223-AF77-4EC4-8E34-91A251D15439}.Release|Any CPU.Build.0 = Release|Any CPU
		{C743B548-7972-442C-A93D-D8C4EF09014B}.Debug|Any CPU.ActiveCfg = Debug|Any CPU
		{C743B548-7972-442C-A93D-D8C4EF09014B}.Debug|Any CPU.Build.0 = Debug|Any CPU
		{C743B548-7972-442C-A93D-D8C4EF09014B}.Release|Any CPU.ActiveCfg = Release|Any CPU
		{C743B548-7972-442C-A93D-D8C4EF09014B}.Release|Any CPU.Build.0 = Release|Any CPU
		{14D93E23-7F70-42E3-9299-ACE96F2F12CC}.Debug|Any CPU.ActiveCfg = Debug|Any CPU
		{14D93E23-7F70-42E3-9299-ACE96F2F12CC}.Debug|Any CPU.Build.0 = Debug|Any CPU
		{14D93E23-7F70-42E3-9299-ACE96F2F12CC}.Release|Any CPU.ActiveCfg = Release|Any CPU
		{14D93E23-7F70-42E3-9299-ACE96F2F12CC}.Release|Any CPU.Build.0 = Release|Any CPU
		{67677828-80E2-45A3-AB61-A13017AB3F2F}.Debug|Any CPU.ActiveCfg = Debug|Any CPU
		{67677828-80E2-45A3-AB61-A13017AB3F2F}.Debug|Any CPU.Build.0 = Debug|Any CPU
		{67677828-80E2-45A3-AB61-A13017AB3F2F}.Release|Any CPU.ActiveCfg = Release|Any CPU
		{67677828-80E2-45A3-AB61-A13017AB3F2F}.Release|Any CPU.Build.0 = Release|Any CPU
		{43356A8E-9941-4856-82BE-BB45AE81E0D5}.Debug|Any CPU.ActiveCfg = Debug|Any CPU
		{43356A8E-9941-4856-82BE-BB45AE81E0D5}.Debug|Any CPU.Build.0 = Debug|Any CPU
		{43356A8E-9941-4856-82BE-BB45AE81E0D5}.Release|Any CPU.ActiveCfg = Release|Any CPU
		{43356A8E-9941-4856-82BE-BB45AE81E0D5}.Release|Any CPU.Build.0 = Release|Any CPU
	EndGlobalSection
	GlobalSection(SolutionProperties) = preSolution
		HideSolutionNode = FALSE
	EndGlobalSection
	GlobalSection(NestedProjects) = preSolution
		{41489E70-C58D-4DC8-91DF-7BC7DBDA0837} = {DFF4F859-4D82-4137-B6F7-3244DABD3420}
		{30743404-04FD-45B9-9780-8911D57A1FA0} = {DFF4F859-4D82-4137-B6F7-3244DABD3420}
		{2E495F80-2DC3-4060-8322-17AD0D16A5DF} = {DFF4F859-4D82-4137-B6F7-3244DABD3420}
		{598687E6-1326-4456-9BBF-2B7D9B16037C} = {30743404-04FD-45B9-9780-8911D57A1FA0}
		{6B696CB7-67E3-4B1C-A573-1C5EFDE62498} = {598687E6-1326-4456-9BBF-2B7D9B16037C}
		{69AA0C6E-933A-49BD-9ACF-7936B5723EFE} = {2E495F80-2DC3-4060-8322-17AD0D16A5DF}
		{FC88CE3C-56DF-470E-9636-8F25C5CF588A} = {69AA0C6E-933A-49BD-9ACF-7936B5723EFE}
		{F4EF8632-211C-4BAD-9320-BA5415768EDC} = {41489E70-C58D-4DC8-91DF-7BC7DBDA0837}
		{C73D58BE-5340-4B28-BF89-CA59B7F3B028} = {F4EF8632-211C-4BAD-9320-BA5415768EDC}
		{9B5BEE6F-A357-4413-A40C-00BAA783260B} = {30743404-04FD-45B9-9780-8911D57A1FA0}
		{05850223-AF77-4EC4-8E34-91A251D15439} = {9B5BEE6F-A357-4413-A40C-00BAA783260B}
		{BF1FBB4F-2B72-4596-B68F-DD6FFDB1599E} = {30743404-04FD-45B9-9780-8911D57A1FA0}
		{C743B548-7972-442C-A93D-D8C4EF09014B} = {BF1FBB4F-2B72-4596-B68F-DD6FFDB1599E}
		{11859442-9326-4C86-BA63-3969B0405371} = {30743404-04FD-45B9-9780-8911D57A1FA0}
		{14D93E23-7F70-42E3-9299-ACE96F2F12CC} = {11859442-9326-4C86-BA63-3969B0405371}
		{8268F832-38AA-4724-8A0F-E9AF347AD32E} = {30743404-04FD-45B9-9780-8911D57A1FA0}
		{67677828-80E2-45A3-AB61-A13017AB3F2F} = {8268F832-38AA-4724-8A0F-E9AF347AD32E}
		{CCB50A41-A7A9-425C-9D95-F118EF15F44E} = {30743404-04FD-45B9-9780-8911D57A1FA0}
		{43356A8E-9941-4856-82BE-BB45AE81E0D5} = {CCB50A41-A7A9-425C-9D95-F118EF15F44E}
	EndGlobalSection
	GlobalSection(ExtensibilityGlobals) = postSolution
		SolutionGuid = {897B30A4-7DB9-4AB9-A12A-8FBF66543B36}
	EndGlobalSection
EndGlobal
